
Microsoft Visual Studio Solution File, Format Version 12.00
# Visual Studio Version 17
VisualStudioVersion = 17.5.33424.131
MinimumVisualStudioVersion = 10.0.40219.1
Project("{FAE04EC0-301F-11D3-BF4B-00C04F79EFBC}") = "ShinshekiPOC1", "ShinshekiPOC1\ShinshekiPOC1.csproj", "{DA99A0D0-5FD0-4B90-9C26-0FCD82C48022}"
EndProject
Global
	GlobalSection(SolutionConfigurationPlatforms) = preSolution
		Debug|Any CPU = Debug|Any CPU
		Release|Any CPU = Release|Any CPU
	EndGlobalSection
	GlobalSection(ProjectConfigurationPlatforms) = postSolution
		{DA99A0D0-5FD0-4B90-9C26-0FCD82C48022}.Debug|Any CPU.ActiveCfg = Debug|Any CPU
		{DA99A0D0-5FD0-4B90-9C26-0FCD82C48022}.Debug|Any CPU.Build.0 = Debug|Any CPU
		{DA99A0D0-5FD0-4B90-9C26-0FCD82C48022}.Release|Any CPU.ActiveCfg = Release|Any CPU
		{DA99A0D0-5FD0-4B90-9C26-0FCD82C48022}.Release|Any CPU.Build.0 = Release|Any CPU
	EndGlobalSection
	GlobalSection(SolutionProperties) = preSolution
		HideSolutionNode = FALSE
	EndGlobalSection
	GlobalSection(ExtensibilityGlobals) = postSolution
		SolutionGuid = {7612913B-AF54-43C8-BC89-9BD8EFD1765E}
	EndGlobalSection
EndGlobal
